
Microsoft Visual Studio Solution File, Format Version 12.00
# Visual Studio 15
Project("{FAE04EC0-301F-11D3-BF4B-00C04F79EFBC}") = "Assembly-CSharp", "Assembly-CSharp.csproj", "{FDE6285F-3E21-7636-078C-E36988F15529}"
EndProject
Project("{FAE04EC0-301F-11D3-BF4B-00C04F79EFBC}") = "Assembly-CSharp-Editor", "Assembly-CSharp-Editor.csproj", "{6FD657B7-4695-3A8B-825A-F7499CD6703C}"
EndProject
Global
	GlobalSection(SolutionConfigurationPlatforms) = preSolution
		Debug|Any CPU = Debug|Any CPU
		Release|Any CPU = Release|Any CPU
	EndGlobalSection
	GlobalSection(ProjectConfigurationPlatforms) = postSolution
		{FDE6285F-3E21-7636-078C-E36988F15529}.Debug|Any CPU.ActiveCfg = Debug|Any CPU
		{FDE6285F-3E21-7636-078C-E36988F15529}.Debug|Any CPU.Build.0 = Debug|Any CPU
		{FDE6285F-3E21-7636-078C-E36988F15529}.Release|Any CPU.ActiveCfg = Release|Any CPU
		{FDE6285F-3E21-7636-078C-E36988F15529}.Release|Any CPU.Build.0 = Release|Any CPU
		{6FD657B7-4695-3A8B-825A-F7499CD6703C}.Debug|Any CPU.ActiveCfg = Debug|Any CPU
		{6FD657B7-4695-3A8B-825A-F7499CD6703C}.Debug|Any CPU.Build.0 = Debug|Any CPU
		{6FD657B7-4695-3A8B-825A-F7499CD6703C}.Release|Any CPU.ActiveCfg = Release|Any CPU
		{6FD657B7-4695-3A8B-825A-F7499CD6703C}.Release|Any CPU.Build.0 = Release|Any CPU
	EndGlobalSection
	GlobalSection(SolutionProperties) = preSolution
		HideSolutionNode = FALSE
	EndGlobalSection
EndGlobal
